
Microsoft Visual Studio Solution File, Format Version 12.00
# Visual Studio Version 17
VisualStudioVersion = 17.13.35919.96 d17.13
MinimumVisualStudioVersion = 10.0.40219.1
Project("{FAE04EC0-301F-11D3-BF4B-00C04F79EFBC}") = "L02P02_2023-EQ-651_2023-RR-655", "L02P02_2023-EQ-651_2023-RR-655\L02P02_2023-EQ-651_2023-RR-655.csproj", "{EE1F96A9-9774-4F5B-986C-8513F8C7F263}"
EndProject
Global
	GlobalSection(SolutionConfigurationPlatforms) = preSolution
		Debug|Any CPU = Debug|Any CPU
		Release|Any CPU = Release|Any CPU
	EndGlobalSection
	GlobalSection(ProjectConfigurationPlatforms) = postSolution
		{EE1F96A9-9774-4F5B-986C-8513F8C7F263}.Debug|Any CPU.ActiveCfg = Debug|Any CPU
		{EE1F96A9-9774-4F5B-986C-8513F8C7F263}.Debug|Any CPU.Build.0 = Debug|Any CPU
		{EE1F96A9-9774-4F5B-986C-8513F8C7F263}.Release|Any CPU.ActiveCfg = Release|Any CPU
		{EE1F96A9-9774-4F5B-986C-8513F8C7F263}.Release|Any CPU.Build.0 = Release|Any CPU
	EndGlobalSection
	GlobalSection(SolutionProperties) = preSolution
		HideSolutionNode = FALSE
	EndGlobalSection
	GlobalSection(ExtensibilityGlobals) = postSolution
		SolutionGuid = {F417B9E6-9B74-4EC4-BC8E-8BD4114EC115}
	EndGlobalSection
EndGlobal
